
Microsoft Visual Studio Solution File, Format Version 11.00
# Visual Studio 2010
Project("{F2A71F9B-5D33-465A-A702-920D77279786}") = "ProgettoSVM", "ProgettoSVM\ProgettoSVM.fsproj", "{9625AE1F-9703-4F95-8A5E-AA9BBC737031}"
EndProject
Global
	GlobalSection(SolutionConfigurationPlatforms) = preSolution
		Debug|x86 = Debug|x86
		Release|x86 = Release|x86
	EndGlobalSection
	GlobalSection(ProjectConfigurationPlatforms) = postSolution
		{9625AE1F-9703-4F95-8A5E-AA9BBC737031}.Debug|x86.ActiveCfg = Debug|x86
		{9625AE1F-9703-4F95-8A5E-AA9BBC737031}.Debug|x86.Build.0 = Debug|x86
		{9625AE1F-9703-4F95-8A5E-AA9BBC737031}.Release|x86.ActiveCfg = Release|x86
		{9625AE1F-9703-4F95-8A5E-AA9BBC737031}.Release|x86.Build.0 = Release|x86
	EndGlobalSection
	GlobalSection(SolutionProperties) = preSolution
		HideSolutionNode = FALSE
	EndGlobalSection
EndGlobal
